// !$*UTF8*$!
{
	archiveVersion = 1;
	classes = {
	};
	objectVersion = 50;
	objects = {

/* Begin PBXBuildFile section */
		745B80BA21E29400004D5295 /* AppDelegate.swift in Sources */ = {isa = PBXBuildFile; fileRef = 745B80B921E29400004D5295 /* AppDelegate.swift */; };
		745B80BC21E29400004D5295 /* ViewController.swift in Sources */ = {isa = PBXBuildFile; fileRef = 745B80BB21E29400004D5295 /* ViewController.swift */; };
		745B80BF21E29400004D5295 /* Main.storyboard in Resources */ = {isa = PBXBuildFile; fileRef = 745B80BD21E29400004D5295 /* Main.storyboard */; };
		745B80C221E29400004D5295 /* Tinkoff_News.xcdatamodeld in Sources */ = {isa = PBXBuildFile; fileRef = 745B80C021E29400004D5295 /* Tinkoff_News.xcdatamodeld */; };
		745B80C421E29401004D5295 /* Assets.xcassets in Resources */ = {isa = PBXBuildFile; fileRef = 745B80C321E29401004D5295 /* Assets.xcassets */; };
		745B80C721E29401004D5295 /* LaunchScreen.storyboard in Resources */ = {isa = PBXBuildFile; fileRef = 745B80C521E29401004D5295 /* LaunchScreen.storyboard */; };
		745B80D221E29401004D5295 /* Tinkoff_NewsTests.swift in Sources */ = {isa = PBXBuildFile; fileRef = 745B80D121E29401004D5295 /* Tinkoff_NewsTests.swift */; };
		745B80DD21E29401004D5295 /* Tinkoff_NewsUITests.swift in Sources */ = {isa = PBXBuildFile; fileRef = 745B80DC21E29401004D5295 /* Tinkoff_NewsUITests.swift */; };
/* End PBXBuildFile section */

/* Begin PBXContainerItemProxy section */
		745B80CE21E29401004D5295 /* PBXContainerItemProxy */ = {
			isa = PBXContainerItemProxy;
			containerPortal = 745B80AE21E29400004D5295 /* Project object */;
			proxyType = 1;
			remoteGlobalIDString = 745B80B521E29400004D5295;
			remoteInfo = Tinkoff_News;
		};
		745B80D921E29401004D5295 /* PBXContainerItemProxy */ = {
			isa = PBXContainerItemProxy;
			containerPortal = 745B80AE21E29400004D5295 /* Project object */;
			proxyType = 1;
			remoteGlobalIDString = 745B80B521E29400004D5295;
			remoteInfo = Tinkoff_News;
		};
/* End PBXContainerItemProxy section */

/* Begin PBXFileReference section */
		745B80B621E29400004D5295 /* Tinkoff_News.app */ = {isa = PBXFileReference; explicitFileType = wrapper.application; includeInIndex = 0; path = Tinkoff_News.app; sourceTree = BUILT_PRODUCTS_DIR; };
		745B80B921E29400004D5295 /* AppDelegate.swift */ = {isa = PBXFileReference; lastKnownFileType = sourcecode.swift; path = AppDelegate.swift; sourceTree = "<group>"; };
		745B80BB21E29400004D5295 /* ViewController.swift */ = {isa = PBXFileReference; lastKnownFileType = sourcecode.swift; path = ViewController.swift; sourceTree = "<group>"; };
		745B80BE21E29400004D5295 /* Base */ = {isa = PBXFileReference; lastKnownFileType = file.storyboard; name = Base; path = Base.lproj/Main.storyboard; sourceTree = "<group>"; };
		745B80C121E29400004D5295 /* Tinkoff_News.xcdatamodel */ = {isa = PBXFileReference; lastKnownFileType = wrapper.xcdatamodel; path = Tinkoff_News.xcdatamodel; sourceTree = "<group>"; };
		745B80C321E29401004D5295 /* Assets.xcassets */ = {isa = PBXFileReference; lastKnownFileType = folder.assetcatalog; path = Assets.xcassets; sourceTree = "<group>"; };
		745B80C621E29401004D5295 /* Base */ = {isa = PBXFileReference; lastKnownFileType = file.storyboard; name = Base; path = Base.lproj/LaunchScreen.storyboard; sourceTree = "<group>"; };
		745B80C821E29401004D5295 /* Info.plist */ = {isa = PBXFileReference; lastKnownFileType = text.plist.xml; path = Info.plist; sourceTree = "<group>"; };
		745B80CD21E29401004D5295 /* Tinkoff_NewsTests.xctest */ = {isa = PBXFileReference; explicitFileType = wrapper.cfbundle; includeInIndex = 0; path = Tinkoff_NewsTests.xctest; sourceTree = BUILT_PRODUCTS_DIR; };
		745B80D121E29401004D5295 /* Tinkoff_NewsTests.swift */ = {isa = PBXFileReference; lastKnownFileType = sourcecode.swift; path = Tinkoff_NewsTests.swift; sourceTree = "<group>"; };
		745B80D321E29401004D5295 /* Info.plist */ = {isa = PBXFileReference; lastKnownFileType = text.plist.xml; path = Info.plist; sourceTree = "<group>"; };
		745B80D821E29401004D5295 /* Tinkoff_NewsUITests.xctest */ = {isa = PBXFileReference; explicitFileType = wrapper.cfbundle; includeInIndex = 0; path = Tinkoff_NewsUITests.xctest; sourceTree = BUILT_PRODUCTS_DIR; };
		745B80DC21E29401004D5295 /* Tinkoff_NewsUITests.swift */ = {isa = PBXFileReference; lastKnownFileType = sourcecode.swift; path = Tinkoff_NewsUITests.swift; sourceTree = "<group>"; };
		745B80DE21E29401004D5295 /* Info.plist */ = {isa = PBXFileReference; lastKnownFileType = text.plist.xml; path = Info.plist; sourceTree = "<group>"; };
/* End PBXFileReference section */

/* Begin PBXFrameworksBuildPhase section */
		745B80B321E29400004D5295 /* Frameworks */ = {
			isa = PBXFrameworksBuildPhase;
			buildActionMask = 2147483647;
			files = (
			);
			runOnlyForDeploymentPostprocessing = 0;
		};
		745B80CA21E29401004D5295 /* Frameworks */ = {
			isa = PBXFrameworksBuildPhase;
			buildActionMask = 2147483647;
			files = (
			);
			runOnlyForDeploymentPostprocessing = 0;
		};
		745B80D521E29401004D5295 /* Frameworks */ = {
			isa = PBXFrameworksBuildPhase;
			buildActionMask = 2147483647;
			files = (
			);
			runOnlyForDeploymentPostprocessing = 0;
		};
/* End PBXFrameworksBuildPhase section */

/* Begin PBXGroup section */
		745B80AD21E29400004D5295 = {
			isa = PBXGroup;
			children = (
				745B80B821E29400004D5295 /* Tinkoff_News */,
				745B80D021E29401004D5295 /* Tinkoff_NewsTests */,
				745B80DB21E29401004D5295 /* Tinkoff_NewsUITests */,
				745B80B721E29400004D5295 /* Products */,
			);
			sourceTree = "<group>";
		};
		745B80B721E29400004D5295 /* Products */ = {
			isa = PBXGroup;
			children = (
				745B80B621E29400004D5295 /* Tinkoff_News.app */,
				745B80CD21E29401004D5295 /* Tinkoff_NewsTests.xctest */,
				745B80D821E29401004D5295 /* Tinkoff_NewsUITests.xctest */,
			);
			name = Products;
			sourceTree = "<group>";
		};
		745B80B821E29400004D5295 /* Tinkoff_News */ = {
			isa = PBXGroup;
			children = (
				745B80B921E29400004D5295 /* AppDelegate.swift */,
				745B80BB21E29400004D5295 /* ViewController.swift */,
				745B80BD21E29400004D5295 /* Main.storyboard */,
				745B80C321E29401004D5295 /* Assets.xcassets */,
				745B80C521E29401004D5295 /* LaunchScreen.storyboard */,
				745B80C821E29401004D5295 /* Info.plist */,
				745B80C021E29400004D5295 /* Tinkoff_News.xcdatamodeld */,
			);
			path = Tinkoff_News;
			sourceTree = "<group>";
		};
		745B80D021E29401004D5295 /* Tinkoff_NewsTests */ = {
			isa = PBXGroup;
			children = (
				745B80D121E29401004D5295 /* Tinkoff_NewsTests.swift */,
				745B80D321E29401004D5295 /* Info.plist */,
			);
			path = Tinkoff_NewsTests;
			sourceTree = "<group>";
		};
		745B80DB21E29401004D5295 /* Tinkoff_NewsUITests */ = {
			isa = PBXGroup;
			children = (
				745B80DC21E29401004D5295 /* Tinkoff_NewsUITests.swift */,
				745B80DE21E29401004D5295 /* Info.plist */,
			);
			path = Tinkoff_NewsUITests;
			sourceTree = "<group>";
		};
/* End PBXGroup section */

/* Begin PBXNativeTarget section */
		745B80B521E29400004D5295 /* Tinkoff_News */ = {
			isa = PBXNativeTarget;
			buildConfigurationList = 745B80E121E29401004D5295 /* Build configuration list for PBXNativeTarget "Tinkoff_News" */;
			buildPhases = (
				745B80B221E29400004D5295 /* Sources */,
				745B80B321E29400004D5295 /* Frameworks */,
				745B80B421E29400004D5295 /* Resources */,
			);
			buildRules = (
			);
			dependencies = (
			);
			name = Tinkoff_News;
			productName = Tinkoff_News;
			productReference = 745B80B621E29400004D5295 /* Tinkoff_News.app */;
			productType = "com.apple.product-type.application";
		};
		745B80CC21E29401004D5295 /* Tinkoff_NewsTests */ = {
			isa = PBXNativeTarget;
			buildConfigurationList = 745B80E421E29401004D5295 /* Build configuration list for PBXNativeTarget "Tinkoff_NewsTests" */;
			buildPhases = (
				745B80C921E29401004D5295 /* Sources */,
				745B80CA21E29401004D5295 /* Frameworks */,
				745B80CB21E29401004D5295 /* Resources */,
			);
			buildRules = (
			);
			dependencies = (
				745B80CF21E29401004D5295 /* PBXTargetDependency */,
			);
			name = Tinkoff_NewsTests;
			productName = Tinkoff_NewsTests;
			productReference = 745B80CD21E29401004D5295 /* Tinkoff_NewsTests.xctest */;
			productType = "com.apple.product-type.bundle.unit-test";
		};
		745B80D721E29401004D5295 /* Tinkoff_NewsUITests */ = {
			isa = PBXNativeTarget;
			buildConfigurationList = 745B80E721E29401004D5295 /* Build configuration list for PBXNativeTarget "Tinkoff_NewsUITests" */;
			buildPhases = (
				745B80D421E29401004D5295 /* Sources */,
				745B80D521E29401004D5295 /* Frameworks */,
				745B80D621E29401004D5295 /* Resources */,
			);
			buildRules = (
			);
			dependencies = (
				745B80DA21E29401004D5295 /* PBXTargetDependency */,
			);
			name = Tinkoff_NewsUITests;
			productName = Tinkoff_NewsUITests;
			productReference = 745B80D821E29401004D5295 /* Tinkoff_NewsUITests.xctest */;
			productType = "com.apple.product-type.bundle.ui-testing";
		};
/* End PBXNativeTarget section */

/* Begin PBXProject section */
		745B80AE21E29400004D5295 /* Project object */ = {
			isa = PBXProject;
			attributes = {
				LastSwiftUpdateCheck = 1010;
				LastUpgradeCheck = 1010;
				ORGANIZATIONNAME = "Михаил Борисов";
				TargetAttributes = {
					745B80B521E29400004D5295 = {
						CreatedOnToolsVersion = 10.1;
					};
					745B80CC21E29401004D5295 = {
						CreatedOnToolsVersion = 10.1;
						TestTargetID = 745B80B521E29400004D5295;
					};
					745B80D721E29401004D5295 = {
						CreatedOnToolsVersion = 10.1;
						TestTargetID = 745B80B521E29400004D5295;
					};
				};
			};
			buildConfigurationList = 745B80B121E29400004D5295 /* Build configuration list for PBXProject "Tinkoff_News" */;
			compatibilityVersion = "Xcode 9.3";
			developmentRegion = en;
			hasScannedForEncodings = 0;
			knownRegions = (
				en,
				Base,
			);
			mainGroup = 745B80AD21E29400004D5295;
			productRefGroup = 745B80B721E29400004D5295 /* Products */;
			projectDirPath = "";
			projectRoot = "";
			targets = (
				745B80B521E29400004D5295 /* Tinkoff_News */,
				745B80CC21E29401004D5295 /* Tinkoff_NewsTests */,
				745B80D721E29401004D5295 /* Tinkoff_NewsUITests */,
			);
		};
/* End PBXProject section */

/* Begin PBXResourcesBuildPhase section */
		745B80B421E29400004D5295 /* Resources */ = {
			isa = PBXResourcesBuildPhase;
			buildActionMask = 2147483647;
			files = (
				745B80C721E29401004D5295 /* LaunchScreen.storyboard in Resources */,
				745B80C421E29401004D5295 /* Assets.xcassets in Resources */,
				745B80BF21E29400004D5295 /* Main.storyboard in Resources */,
			);
			runOnlyForDeploymentPostprocessing = 0;
		};
		745B80CB21E29401004D5295 /* Resources */ = {
			isa = PBXResourcesBuildPhase;
			buildActionMask = 2147483647;
			files = (
			);
			runOnlyForDeploymentPostprocessing = 0;
		};
		745B80D621E29401004D5295 /* Resources */ = {
			isa = PBXResourcesBuildPhase;
			buildActionMask = 2147483647;
			files = (
			);
			runOnlyForDeploymentPostprocessing = 0;
		};
/* End PBXResourcesBuildPhase section */

/* Begin PBXSourcesBuildPhase section */
		745B80B221E29400004D5295 /* Sources */ = {
			isa = PBXSourcesBuildPhase;
			buildActionMask = 2147483647;
			files = (
				745B80BC21E29400004D5295 /* ViewController.swift in Sources */,
				745B80BA21E29400004D5295 /* AppDelegate.swift in Sources */,
				745B80C221E29400004D5295 /* Tinkoff_News.xcdatamodeld in Sources */,
			);
			runOnlyForDeploymentPostprocessing = 0;
		};
		745B80C921E29401004D5295 /* Sources */ = {
			isa = PBXSourcesBuildPhase;
			buildActionMask = 2147483647;
			files = (
				745B80D221E29401004D5295 /* Tinkoff_NewsTests.swift in Sources */,
			);
			runOnlyForDeploymentPostprocessing = 0;
		};
		745B80D421E29401004D5295 /* Sources */ = {
			isa = PBXSourcesBuildPhase;
			buildActionMask = 2147483647;
			files = (
				745B80DD21E29401004D5295 /* Tinkoff_NewsUITests.swift in Sources */,
			);
			runOnlyForDeploymentPostprocessing = 0;
		};
/* End PBXSourcesBuildPhase section */

/* Begin PBXTargetDependency section */
		745B80CF21E29401004D5295 /* PBXTargetDependency */ = {
			isa = PBXTargetDependency;
			target = 745B80B521E29400004D5295 /* Tinkoff_News */;
			targetProxy = 745B80CE21E29401004D5295 /* PBXContainerItemProxy */;
		};
		745B80DA21E29401004D5295 /* PBXTargetDependency */ = {
			isa = PBXTargetDependency;
			target = 745B80B521E29400004D5295 /* Tinkoff_News */;
			targetProxy = 745B80D921E29401004D5295 /* PBXContainerItemProxy */;
		};
/* End PBXTargetDependency section */

/* Begin PBXVariantGroup section */
		745B80BD21E29400004D5295 /* Main.storyboard */ = {
			isa = PBXVariantGroup;
			children = (
				745B80BE21E29400004D5295 /* Base */,
			);
			name = Main.storyboard;
			sourceTree = "<group>";
		};
		745B80C521E29401004D5295 /* LaunchScreen.storyboard */ = {
			isa = PBXVariantGroup;
			children = (
				745B80C621E29401004D5295 /* Base */,
			);
			name = LaunchScreen.storyboard;
			sourceTree = "<group>";
		};
/* End PBXVariantGroup section */

/* Begin XCBuildConfiguration section */
		745B80DF21E29401004D5295 /* Debug */ = {
			isa = XCBuildConfiguration;
			buildSettings = {
				ALWAYS_SEARCH_USER_PATHS = NO;
				CLANG_ANALYZER_NONNULL = YES;
				CLANG_ANALYZER_NUMBER_OBJECT_CONVERSION = YES_AGGRESSIVE;
				CLANG_CXX_LANGUAGE_STANDARD = "gnu++14";
				CLANG_CXX_LIBRARY = "libc++";
				CLANG_ENABLE_MODULES = YES;
				CLANG_ENABLE_OBJC_ARC = YES;
				CLANG_ENABLE_OBJC_WEAK = YES;
				CLANG_WARN_BLOCK_CAPTURE_AUTORELEASING = YES;
				CLANG_WARN_BOOL_CONVERSION = YES;
				CLANG_WARN_COMMA = YES;
				CLANG_WARN_CONSTANT_CONVERSION = YES;
				CLANG_WARN_DEPRECATED_OBJC_IMPLEMENTATIONS = YES;
				CLANG_WARN_DIRECT_OBJC_ISA_USAGE = YES_ERROR;
				CLANG_WARN_DOCUMENTATION_COMMENTS = YES;
				CLANG_WARN_EMPTY_BODY = YES;
				CLANG_WARN_ENUM_CONVERSION = YES;
				CLANG_WARN_INFINITE_RECURSION = YES;
				CLANG_WARN_INT_CONVERSION = YES;
				CLANG_WARN_NON_LITERAL_NULL_CONVERSION = YES;
				CLANG_WARN_OBJC_IMPLICIT_RETAIN_SELF = YES;
				CLANG_WARN_OBJC_LITERAL_CONVERSION = YES;
				CLANG_WARN_OBJC_ROOT_CLASS = YES_ERROR;
				CLANG_WARN_RANGE_LOOP_ANALYSIS = YES;
				CLANG_WARN_STRICT_PROTOTYPES = YES;
				CLANG_WARN_SUSPICIOUS_MOVE = YES;
				CLANG_WARN_UNGUARDED_AVAILABILITY = YES_AGGRESSIVE;
				CLANG_WARN_UNREACHABLE_CODE = YES;
				CLANG_WARN__DUPLICATE_METHOD_MATCH = YES;
				CODE_SIGN_IDENTITY = "iPhone Developer";
				COPY_PHASE_STRIP = NO;
				DEBUG_INFORMATION_FORMAT = dwarf;
				ENABLE_STRICT_OBJC_MSGSEND = YES;
				ENABLE_TESTABILITY = YES;
				GCC_C_LANGUAGE_STANDARD = gnu11;
				GCC_DYNAMIC_NO_PIC = NO;
				GCC_NO_COMMON_BLOCKS = YES;
				GCC_OPTIMIZATION_LEVEL = 0;
				GCC_PREPROCESSOR_DEFINITIONS = (
					"DEBUG=1",
					"$(inherited)",
				);
				GCC_WARN_64_TO_32_BIT_CONVERSION = YES;
				GCC_WARN_ABOUT_RETURN_TYPE = YES_ERROR;
				GCC_WARN_UNDECLARED_SELECTOR = YES;
				GCC_WARN_UNINITIALIZED_AUTOS = YES_AGGRESSIVE;
				GCC_WARN_UNUSED_FUNCTION = YES;
				GCC_WARN_UNUSED_VARIABLE = YES;
				IPHONEOS_DEPLOYMENT_TARGET = 12.1;
				MTL_ENABLE_DEBUG_INFO = INCLUDE_SOURCE;
				MTL_FAST_MATH = YES;
				ONLY_ACTIVE_ARCH = YES;
				SDKROOT = iphoneos;
				SWIFT_ACTIVE_COMPILATION_CONDITIONS = DEBUG;
				SWIFT_OPTIMIZATION_LEVEL = "-Onone";
			};
			name = Debug;
		};
		745B80E021E29401004D5295 /* Release */ = {
			isa = XCBuildConfiguration;
			buildSettings = {
				ALWAYS_SEARCH_USER_PATHS = NO;
				CLANG_ANALYZER_NONNULL = YES;
				CLANG_ANALYZER_NUMBER_OBJECT_CONVERSION = YES_AGGRESSIVE;
				CLANG_CXX_LANGUAGE_STANDARD = "gnu++14";
				CLANG_CXX_LIBRARY = "libc++";
				CLANG_ENABLE_MODULES = YES;
				CLANG_ENABLE_OBJC_ARC = YES;
				CLANG_ENABLE_OBJC_WEAK = YES;
				CLANG_WARN_BLOCK_CAPTURE_AUTORELEASING = YES;
				CLANG_WARN_BOOL_CONVERSION = YES;
				CLANG_WARN_COMMA = YES;
				CLANG_WARN_CONSTANT_CONVERSION = YES;
				CLANG_WARN_DEPRECATED_OBJC_IMPLEMENTATIONS = YES;
				CLANG_WARN_DIRECT_OBJC_ISA_USAGE = YES_ERROR;
				CLANG_WARN_DOCUMENTATION_COMMENTS = YES;
				CLANG_WARN_EMPTY_BODY = YES;
				CLANG_WARN_ENUM_CONVERSION = YES;
				CLANG_WARN_INFINITE_RECURSION = YES;
				CLANG_WARN_INT_CONVERSION = YES;
				CLANG_WARN_NON_LITERAL_NULL_CONVERSION = YES;
				CLANG_WARN_OBJC_IMPLICIT_RETAIN_SELF = YES;
				CLANG_WARN_OBJC_LITERAL_CONVERSION = YES;
				CLANG_WARN_OBJC_ROOT_CLASS = YES_ERROR;
				CLANG_WARN_RANGE_LOOP_ANALYSIS = YES;
				CLANG_WARN_STRICT_PROTOTYPES = YES;
				CLANG_WARN_SUSPICIOUS_MOVE = YES;
				CLANG_WARN_UNGUARDED_AVAILABILITY = YES_AGGRESSIVE;
				CLANG_WARN_UNREACHABLE_CODE = YES;
				CLANG_WARN__DUPLICATE_METHOD_MATCH = YES;
				CODE_SIGN_IDENTITY = "iPhone Developer";
				COPY_PHASE_STRIP = NO;
				DEBUG_INFORMATION_FORMAT = "dwarf-with-dsym";
				ENABLE_NS_ASSERTIONS = NO;
				ENABLE_STRICT_OBJC_MSGSEND = YES;
				GCC_C_LANGUAGE_STANDARD = gnu11;
				GCC_NO_COMMON_BLOCKS = YES;
				GCC_WARN_64_TO_32_BIT_CONVERSION = YES;
				GCC_WARN_ABOUT_RETURN_TYPE = YES_ERROR;
				GCC_WARN_UNDECLARED_SELECTOR = YES;
				GCC_WARN_UNINITIALIZED_AUTOS = YES_AGGRESSIVE;
				GCC_WARN_UNUSED_FUNCTION = YES;
				GCC_WARN_UNUSED_VARIABLE = YES;
				IPHONEOS_DEPLOYMENT_TARGET = 12.1;
				MTL_ENABLE_DEBUG_INFO = NO;
				MTL_FAST_MATH = YES;
				SDKROOT = iphoneos;
				SWIFT_COMPILATION_MODE = wholemodule;
				SWIFT_OPTIMIZATION_LEVEL = "-O";
				VALIDATE_PRODUCT = YES;
			};
			name = Release;
		};
		745B80E221E29401004D5295 /* Debug */ = {
			isa = XCBuildConfiguration;
			buildSettings = {
				ASSETCATALOG_COMPILER_APPICON_NAME = AppIcon;
				CODE_SIGN_STYLE = Automatic;
				DEVELOPMENT_TEAM = 4GB4E68ZU6;
				INFOPLIST_FILE = Tinkoff_News/Info.plist;
				LD_RUNPATH_SEARCH_PATHS = (
					"$(inherited)",
					"@executable_path/Frameworks",
				);
				PRODUCT_BUNDLE_IDENTIFIER = "mikhail.borisov.Tinkoff-News";
				PRODUCT_NAME = "$(TARGET_NAME)";
				SWIFT_VERSION = 4.2;
				TARGETED_DEVICE_FAMILY = "1,2";
			};
			name = Debug;
		};
		745B80E321E29401004D5295 /* Release */ = {
			isa = XCBuildConfiguration;
			buildSettings = {
				ASSETCATALOG_COMPILER_APPICON_NAME = AppIcon;
				CODE_SIGN_STYLE = Automatic;
				DEVELOPMENT_TEAM = 4GB4E68ZU6;
				INFOPLIST_FILE = Tinkoff_News/Info.plist;
				LD_RUNPATH_SEARCH_PATHS = (
					"$(inherited)",
					"@executable_path/Frameworks",
				);
				PRODUCT_BUNDLE_IDENTIFIER = "mikhail.borisov.Tinkoff-News";
				PRODUCT_NAME = "$(TARGET_NAME)";
				SWIFT_VERSION = 4.2;
				TARGETED_DEVICE_FAMILY = "1,2";
			};
			name = Release;
		};
		745B80E521E29401004D5295 /* Debug */ = {
			isa = XCBuildConfiguration;
			buildSettings = {
				ALWAYS_EMBED_SWIFT_STANDARD_LIBRARIES = YES;
				BUNDLE_LOADER = "$(TEST_HOST)";
				CODE_SIGN_STYLE = Automatic;
				DEVELOPMENT_TEAM = 4GB4E68ZU6;
				INFOPLIST_FILE = Tinkoff_NewsTests/Info.plist;
				LD_RUNPATH_SEARCH_PATHS = (
					"$(inherited)",
					"@executable_path/Frameworks",
					"@loader_path/Frameworks",
				);
				PRODUCT_BUNDLE_IDENTIFIER = "mikhail.borisov.Tinkoff-NewsTests";
				PRODUCT_NAME = "$(TARGET_NAME)";
				SWIFT_VERSION = 4.2;
				TARGETED_DEVICE_FAMILY = "1,2";
				TEST_HOST = "$(BUILT_PRODUCTS_DIR)/Tinkoff_News.app/Tinkoff_News";
			};
			name = Debug;
		};
		745B80E621E29401004D5295 /* Release */ = {
			isa = XCBuildConfiguration;
			buildSettings = {
				ALWAYS_EMBED_SWIFT_STANDARD_LIBRARIES = YES;
				BUNDLE_LOADER = "$(TEST_HOST)";
				CODE_SIGN_STYLE = Automatic;
				DEVELOPMENT_TEAM = 4GB4E68ZU6;
				INFOPLIST_FILE = Tinkoff_NewsTests/Info.plist;
				LD_RUNPATH_SEARCH_PATHS = (
					"$(inherited)",
					"@executable_path/Frameworks",
					"@loader_path/Frameworks",
				);
				PRODUCT_BUNDLE_IDENTIFIER = "mikhail.borisov.Tinkoff-NewsTests";
				PRODUCT_NAME = "$(TARGET_NAME)";
				SWIFT_VERSION = 4.2;
				TARGETED_DEVICE_FAMILY = "1,2";
				TEST_HOST = "$(BUILT_PRODUCTS_DIR)/Tinkoff_News.app/Tinkoff_News";
			};
			name = Release;
		};
		745B80E821E29401004D5295 /* Debug */ = {
			isa = XCBuildConfiguration;
			buildSettings = {
				ALWAYS_EMBED_SWIFT_STANDARD_LIBRARIES = YES;
				CODE_SIGN_STYLE = Automatic;
				DEVELOPMENT_TEAM = 4GB4E68ZU6;
				INFOPLIST_FILE = Tinkoff_NewsUITests/Info.plist;
				LD_RUNPATH_SEARCH_PATHS = (
					"$(inherited)",
					"@executable_path/Frameworks",
					"@loader_path/Frameworks",
				);
				PRODUCT_BUNDLE_IDENTIFIER = "mikhail.borisov.Tinkoff-NewsUITests";
				PRODUCT_NAME = "$(TARGET_NAME)";
				SWIFT_VERSION = 4.2;
				TARGETED_DEVICE_FAMILY = "1,2";
				TEST_TARGET_NAME = Tinkoff_News;
			};
			name = Debug;
		};
		745B80E921E29401004D5295 /* Release */ = {
			isa = XCBuildConfiguration;
			buildSettings = {
				ALWAYS_EMBED_SWIFT_STANDARD_LIBRARIES = YES;
				CODE_SIGN_STYLE = Automatic;
				DEVELOPMENT_TEAM = 4GB4E68ZU6;
				INFOPLIST_FILE = Tinkoff_NewsUITests/Info.plist;
				LD_RUNPATH_SEARCH_PATHS = (
					"$(inherited)",
					"@executable_path/Frameworks",
					"@loader_path/Frameworks",
				);
				PRODUCT_BUNDLE_IDENTIFIER = "mikhail.borisov.Tinkoff-NewsUITests";
				PRODUCT_NAME = "$(TARGET_NAME)";
				SWIFT_VERSION = 4.2;
				TARGETED_DEVICE_FAMILY = "1,2";
				TEST_TARGET_NAME = Tinkoff_News;
			};
			name = Release;
		};
/* End XCBuildConfiguration section */

/* Begin XCConfigurationList section */
		745B80B121E29400004D5295 /* Build configuration list for PBXProject "Tinkoff_News" */ = {
			isa = XCConfigurationList;
			buildConfigurations = (
				745B80DF21E29401004D5295 /* Debug */,
				745B80E021E29401004D5295 /* Release */,
			);
			defaultConfigurationIsVisible = 0;
			defaultConfigurationName = Release;
		};
		745B80E121E29401004D5295 /* Build configuration list for PBXNativeTarget "Tinkoff_News" */ = {
			isa = XCConfigurationList;
			buildConfigurations = (
				745B80E221E29401004D5295 /* Debug */,
				745B80E321E29401004D5295 /* Release */,
			);
			defaultConfigurationIsVisible = 0;
			defaultConfigurationName = Release;
		};
		745B80E421E29401004D5295 /* Build configuration list for PBXNativeTarget "Tinkoff_NewsTests" */ = {
			isa = XCConfigurationList;
			buildConfigurations = (
				745B80E521E29401004D5295 /* Debug */,
				745B80E621E29401004D5295 /* Release */,
			);
			defaultConfigurationIsVisible = 0;
			defaultConfigurationName = Release;
		};
		745B80E721E29401004D5295 /* Build configuration list for PBXNativeTarget "Tinkoff_NewsUITests" */ = {
			isa = XCConfigurationList;
			buildConfigurations = (
				745B80E821E29401004D5295 /* Debug */,
				745B80E921E29401004D5295 /* Release */,
			);
			defaultConfigurationIsVisible = 0;
			defaultConfigurationName = Release;
		};
/* End XCConfigurationList section */

/* Begin XCVersionGroup section */
		745B80C021E29400004D5295 /* Tinkoff_News.xcdatamodeld */ = {
			isa = XCVersionGroup;
			children = (
				745B80C121E29400004D5295 /* Tinkoff_News.xcdatamodel */,
			);
			currentVersion = 745B80C121E29400004D5295 /* Tinkoff_News.xcdatamodel */;
			path = Tinkoff_News.xcdatamodeld;
			sourceTree = "<group>";
			versionGroupType = wrapper.xcdatamodel;
		};
/* End XCVersionGroup section */
	};
	rootObject = 745B80AE21E29400004D5295 /* Project object */;
}
